dependencies:
  espressif/esp-dsp:
    component_hash: 3e7bbd487f1357a1d4944d0c85966d049501ea281b8a4c7f93f7cfedd5b7f23d
    dependencies:
    - name: idf
      require: private
      version: '>=4.2'
    source:
      registry_url: https://components.espressif.com/
      type: service
    version: 1.4.12
  idf:
    source:
      type: idf
    version: 5.4.1
direct_dependencies:
- espressif/esp-dsp
- idf
manifest_hash: 62cbf59fe4864510234a276541f111a308f04d7ec1b5908e294f36dc75183ad7
target: esp32s3
version: 2.0.0
